
Microsoft Visual Studio Solution File, Format Version 12.00
# Visual Studio Version 17
VisualStudioVersion = 17.12.35527.113
MinimumVisualStudioVersion = 10.0.40219.1
Project("{FAE04EC0-301F-11D3-BF4B-00C04F79EFBC}") = "WpfApp6Base", "WpfApp6Base\WpfApp6Base.csproj", "{2DD04EE8-6049-4BCA-B794-655DB71CDB5F}"
EndProject
Project("{FAE04EC0-301F-11D3-BF4B-00C04F79EFBC}") = "WpfAppdashboard", "..\WpfAppdashboard\WpfAppdashboard\WpfAppdashboard.csproj", "{AF574971-F52C-4166-A27B-3DFB6F3D70C6}"
EndProject
Project("{FAE04EC0-301F-11D3-BF4B-00C04F79EFBC}") = "NewProject", "..\..\..\..\..\Newdestop\NewWPF\NewProject\NewProject.csproj", "{93A77D89-FFE2-4458-BDE4-A4988EAD1100}"
EndProject
Global
	GlobalSection(SolutionConfigurationPlatforms) = preSolution
		Debug|Any CPU = Debug|Any CPU
		Release|Any CPU = Release|Any CPU
	EndGlobalSection
	GlobalSection(ProjectConfigurationPlatforms) = postSolution
		{2DD04EE8-6049-4BCA-B794-655DB71CDB5F}.Debug|Any CPU.ActiveCfg = Debug|Any CPU
		{2DD04EE8-6049-4BCA-B794-655DB71CDB5F}.Debug|Any CPU.Build.0 = Debug|Any CPU
		{2DD04EE8-6049-4BCA-B794-655DB71CDB5F}.Release|Any CPU.ActiveCfg = Release|Any CPU
		{2DD04EE8-6049-4BCA-B794-655DB71CDB5F}.Release|Any CPU.Build.0 = Release|Any CPU
		{AF574971-F52C-4166-A27B-3DFB6F3D70C6}.Debug|Any CPU.ActiveCfg = Debug|Any CPU
		{AF574971-F52C-4166-A27B-3DFB6F3D70C6}.Debug|Any CPU.Build.0 = Debug|Any CPU
		{AF574971-F52C-4166-A27B-3DFB6F3D70C6}.Release|Any CPU.ActiveCfg = Release|Any CPU
		{AF574971-F52C-4166-A27B-3DFB6F3D70C6}.Release|Any CPU.Build.0 = Release|Any CPU
		{93A77D89-FFE2-4458-BDE4-A4988EAD1100}.Debug|Any CPU.ActiveCfg = Debug|Any CPU
		{93A77D89-FFE2-4458-BDE4-A4988EAD1100}.Debug|Any CPU.Build.0 = Debug|Any CPU
		{93A77D89-FFE2-4458-BDE4-A4988EAD1100}.Release|Any CPU.ActiveCfg = Release|Any CPU
		{93A77D89-FFE2-4458-BDE4-A4988EAD1100}.Release|Any CPU.Build.0 = Release|Any CPU
	EndGlobalSection
	GlobalSection(SolutionProperties) = preSolution
		HideSolutionNode = FALSE
	EndGlobalSection
EndGlobal
